# This file is generated by running "yarn install" inside your project.
# Manual changes might be lost - proceed with caution!

__metadata:
  version: 8
  cacheKey: 10

"@mongodb-js/saslprep@npm:^1.1.0":
  version: 1.3.0
  resolution: "@mongodb-js/saslprep@npm:1.3.0"
  dependencies:
    sparse-bitfield: "npm:^3.0.3"
  checksum: 10/ecb1a5bf333e2eebba4af2bf36e496d5951275c768dd48151973fa927d0933670f0489c2853702a5c0d3cd52865f8711a1cd0edda6c907af59856f7ca6c8df77
  languageName: node
  linkType: hard

"@types/node@npm:*":
  version: 24.0.3
  resolution: "@types/node@npm:24.0.3"
  dependencies:
    undici-types: "npm:~7.8.0"
  checksum: 10/6cce0afa9b0ff7f8eab7cb0339909c1e4ef480b824b8de5adc9cee05dac63ee3d8c7a46e1f95f13ecc94e84608118741f9949527a92fbf3f0e1f7714b37a7b61
  languageName: node
  linkType: hard

"@types/webidl-conversions@npm:*":
  version: 7.0.3
  resolution: "@types/webidl-conversions@npm:7.0.3"
  checksum: 10/535ead9de4d3d6c8e4f4fa14e9db780d2a31e8020debc062f337e1420a41c3265e223e4f4b628f97a11ecf3b96390962cd88a9ffe34f44e159dec583ff49aa34
  languageName: node
  linkType: hard

"@types/whatwg-url@npm:^8.2.1":
  version: 8.2.2
  resolution: "@types/whatwg-url@npm:8.2.2"
  dependencies:
    "@types/node": "npm:*"
    "@types/webidl-conversions": "npm:*"
  checksum: 10/5dc5afe078dfa1a8a266745586fa3db9baa8ce7cc904789211d1dca1d34d7f3dd17d0b7423c36bc9beab9d98aa99338f1fc60798c0af6cbb8356f20e20d9f243
  languageName: node
  linkType: hard

"bson@npm:^5.5.0":
  version: 5.5.1
  resolution: "bson@npm:5.5.1"
  checksum: 10/4f72f0e68694cf422e990d301594e1eb81300ad7bd547244bbd5c2d12ec721cf4765a254376dd21e922b0ac8b5f89549d37423bdea11d5e645afbd37b433dc90
  languageName: node
  linkType: hard

"debug@npm:4.x":
  version: 4.4.1
  resolution: "debug@npm:4.4.1"
  dependencies:
    ms: "npm:^2.1.3"
  peerDependenciesMeta:
    supports-color:
      optional: true
  checksum: 10/8e2709b2144f03c7950f8804d01ccb3786373df01e406a0f66928e47001cf2d336cbed9ee137261d4f90d68d8679468c755e3548ed83ddacdc82b194d2468afe
  languageName: node
  linkType: hard

"dotenv@npm:^16.5.0":
  version: 16.5.0
  resolution: "dotenv@npm:16.5.0"
  checksum: 10/e68a16834f1a41cc2dfb01563bc150668ad675e6cd09191211467b5c0806b6ecd6ec438e021aa8e01cd0e72d2b70ef4302bec7cc0fe15b6955f85230b62dc8a9
  languageName: node
  linkType: hard

"ip-address@npm:^9.0.5":
  version: 9.0.5
  resolution: "ip-address@npm:9.0.5"
  dependencies:
    jsbn: "npm:1.1.0"
    sprintf-js: "npm:^1.1.3"
  checksum: 10/1ed81e06721af012306329b31f532b5e24e00cb537be18ddc905a84f19fe8f83a09a1699862bf3a1ec4b9dea93c55a3fa5faf8b5ea380431469df540f38b092c
  languageName: node
  linkType: hard

"jsbn@npm:1.1.0":
  version: 1.1.0
  resolution: "jsbn@npm:1.1.0"
  checksum: 10/bebe7ae829bbd586ce8cbe83501dd8cb8c282c8902a8aeeed0a073a89dc37e8103b1244f3c6acd60278bcbfe12d93a3f83c9ac396868a3b3bbc3c5e5e3b648ef
  languageName: node
  linkType: hard

"kareem@npm:2.5.1":
  version: 2.5.1
  resolution: "kareem@npm:2.5.1"
  checksum: 10/6eb48a3dfbf6341e73554bda34018ba73335224d13cd47b40045fc83fc2f14656b3cd0589a7d4b6c9cbe0a6c81e2dec1f611a2406a5d5e912c83c8104b9281be
  languageName: node
  linkType: hard

"memory-pager@npm:^1.0.2":
  version: 1.5.0
  resolution: "memory-pager@npm:1.5.0"
  checksum: 10/ffe3461b6aa4e400138d1d9c59890b1cbeae3256592a0dfae49577f4bec93952de65f31f682f0b15451d2a7cf018be775ed1e1411705e45514b14fb70883a66b
  languageName: node
  linkType: hard

"mongodb-connection-string-url@npm:^2.6.0":
  version: 2.6.0
  resolution: "mongodb-connection-string-url@npm:2.6.0"
  dependencies:
    "@types/whatwg-url": "npm:^8.2.1"
    whatwg-url: "npm:^11.0.0"
  checksum: 10/d0903b98240e3a32a96091fd78d59de0616070c5e39881b598ff1c3cc9cd3335473c43d30e8b33c679ad0ab6133ff1112a7465f8c2f81b0d13b1b3f2174c9fe7
  languageName: node
  linkType: hard

"mongodb@npm:5.9.2":
  version: 5.9.2
  resolution: "mongodb@npm:5.9.2"
  dependencies:
    "@mongodb-js/saslprep": "npm:^1.1.0"
    bson: "npm:^5.5.0"
    mongodb-connection-string-url: "npm:^2.6.0"
    socks: "npm:^2.7.1"
  peerDependencies:
    "@aws-sdk/credential-providers": ^3.188.0
    "@mongodb-js/zstd": ^1.0.0
    kerberos: ^1.0.0 || ^2.0.0
    mongodb-client-encryption: ">=2.3.0 <3"
    snappy: ^7.2.2
  dependenciesMeta:
    "@mongodb-js/saslprep":
      optional: true
  peerDependenciesMeta:
    "@aws-sdk/credential-providers":
      optional: true
    "@mongodb-js/zstd":
      optional: true
    kerberos:
      optional: true
    mongodb-client-encryption:
      optional: true
    snappy:
      optional: true
  checksum: 10/f80ccd8a55a1bdb2513db98e97f723b7c67b1b0dd94ff254930b8fd9b1f4efbf66ceff191748aaf8b0b5331d381497c39857b3380bf013de1f9148a7f9220336
  languageName: node
  linkType: hard

"mongoose@npm:7.8.6":
  version: 7.8.6
  resolution: "mongoose@npm:7.8.6"
  dependencies:
    bson: "npm:^5.5.0"
    kareem: "npm:2.5.1"
    mongodb: "npm:5.9.2"
    mpath: "npm:0.9.0"
    mquery: "npm:5.0.0"
    ms: "npm:2.1.3"
    sift: "npm:16.0.1"
  checksum: 10/fb2d5b693cec77b43e610fc3aff35b5154648d30d681a9d623840c2df1c285c227d961bef51a2f3f873efaccdf6ff16359fe9fc0f6dd3008ce687753313e95d7
  languageName: node
  linkType: hard

"mongoose_documents_repro@workspace:.":
  version: 0.0.0-use.local
  resolution: "mongoose_documents_repro@workspace:."
  dependencies:
    dotenv: "npm:^16.5.0"
    mongoose: "npm:7.8.6"
  languageName: unknown
  linkType: soft

"mpath@npm:0.9.0":
  version: 0.9.0
  resolution: "mpath@npm:0.9.0"
  checksum: 10/ca5d21adbfa83494c718a4d4df0dd593920131925a2589e29b67aa8891ddc1cd517eab7d8f8ccd512ad15f125a630711d7f123ce9ef675473365881965aa7bfb
  languageName: node
  linkType: hard

"mquery@npm:5.0.0":
  version: 5.0.0
  resolution: "mquery@npm:5.0.0"
  dependencies:
    debug: "npm:4.x"
  checksum: 10/36a792b2dc3fae92be0a7460151807fbbefe1299f8f286acd74968482e0dc042321c78ad76d6f975f0638370ff88df6e81db5efe17df5d53d2fb289cedbb0c23
  languageName: node
  linkType: hard

"ms@npm:2.1.3, ms@npm:^2.1.3":
  version: 2.1.3
  resolution: "ms@npm:2.1.3"
  checksum: 10/aa92de608021b242401676e35cfa5aa42dd70cbdc082b916da7fb925c542173e36bce97ea3e804923fe92c0ad991434e4a38327e15a1b5b5f945d66df615ae6d
  languageName: node
  linkType: hard

"punycode@npm:^2.1.1":
  version: 2.3.1
  resolution: "punycode@npm:2.3.1"
  checksum: 10/febdc4362bead22f9e2608ff0171713230b57aff9dddc1c273aa2a651fbd366f94b7d6a71d78342a7c0819906750351ca7f2edd26ea41b626d87d6a13d1bd059
  languageName: node
  linkType: hard

"sift@npm:16.0.1":
  version: 16.0.1
  resolution: "sift@npm:16.0.1"
  checksum: 10/b35feea1b917af095b69aa3bdf69ee0409d8b20a16cd6a94d4cdeb1fcebe02350bad5bb37fc2e2edde2dcfc73adf3621c2f367ede9574607d6b8cd9ca9989c87
  languageName: node
  linkType: hard

"smart-buffer@npm:^4.2.0":
  version: 4.2.0
  resolution: "smart-buffer@npm:4.2.0"
  checksum: 10/927484aa0b1640fd9473cee3e0a0bcad6fce93fd7bbc18bac9ad0c33686f5d2e2c422fba24b5899c184524af01e11dd2bd051c2bf2b07e47aff8ca72cbfc60d2
  languageName: node
  linkType: hard

"socks@npm:^2.7.1":
  version: 2.8.5
  resolution: "socks@npm:2.8.5"
  dependencies:
    ip-address: "npm:^9.0.5"
    smart-buffer: "npm:^4.2.0"
  checksum: 10/0109090ec2bcb8d12d3875a987e85539ed08697500ad971a603c3057e4c266b4bf6a603e07af6d19218c422dd9b72d923aaa6c1f20abae275510bba458e4ccc9
  languageName: node
  linkType: hard

"sparse-bitfield@npm:^3.0.3":
  version: 3.0.3
  resolution: "sparse-bitfield@npm:3.0.3"
  dependencies:
    memory-pager: "npm:^1.0.2"
  checksum: 10/174da88dbbcc783d5dbd26921931cc83830280b8055fb05333786ebe6fc015b9601b24972b3d55920dd2d9f5fb120576fbfa2469b08e5222c9cadf3f05210aab
  languageName: node
  linkType: hard

"sprintf-js@npm:^1.1.3":
  version: 1.1.3
  resolution: "sprintf-js@npm:1.1.3"
  checksum: 10/e7587128c423f7e43cc625fe2f87e6affdf5ca51c1cc468e910d8aaca46bb44a7fbcfa552f787b1d3987f7043aeb4527d1b99559e6621e01b42b3f45e5a24cbb
  languageName: node
  linkType: hard

"tr46@npm:^3.0.0":
  version: 3.0.0
  resolution: "tr46@npm:3.0.0"
  dependencies:
    punycode: "npm:^2.1.1"
  checksum: 10/b09a15886cbfaee419a3469081223489051ce9dca3374dd9500d2378adedbee84a3c73f83bfdd6bb13d53657753fc0d4e20a46bfcd3f1b9057ef528426ad7ce4
  languageName: node
  linkType: hard

"undici-types@npm:~7.8.0":
  version: 7.8.0
  resolution: "undici-types@npm:7.8.0"
  checksum: 10/fcff3fbab234f067fbd69e374ee2c198ba74c364ceaf6d93db7ca267e784457b5518cd01d0d2329b075f412574205ea3172a9a675facb49b4c9efb7141cd80b7
  languageName: node
  linkType: hard

"webidl-conversions@npm:^7.0.0":
  version: 7.0.0
  resolution: "webidl-conversions@npm:7.0.0"
  checksum: 10/4c4f65472c010eddbe648c11b977d048dd96956a625f7f8b9d64e1b30c3c1f23ea1acfd654648426ce5c743c2108a5a757c0592f02902cf7367adb7d14e67721
  languageName: node
  linkType: hard

"whatwg-url@npm:^11.0.0":
  version: 11.0.0
  resolution: "whatwg-url@npm:11.0.0"
  dependencies:
    tr46: "npm:^3.0.0"
    webidl-conversions: "npm:^7.0.0"
  checksum: 10/dfcd51c6f4bfb54685528fb10927f3fd3d7c809b5671beef4a8cdd7b1408a7abf3343a35bc71dab83a1424f1c1e92cc2700d7930d95d231df0fac361de0c7648
  languageName: node
  linkType: hard
